
Microsoft Visual Studio Solution File, Format Version 12.00
# Visual Studio Version 16
VisualStudioVersion = 16.0.29009.5
MinimumVisualStudioVersion = 10.0.40219.1
Project("{FAE04EC0-301F-11D3-BF4B-00C04F79EFBC}") = "1.对象得继承", "xiketang\1.对象得继承.csproj", "{64D36878-1A4F-4BB0-8CC9-5E1ACBD9B048}"
EndProject
Project("{2150E333-8FDC-42A3-9474-1A3956D46DE8}") = "1.CSharp高级编程与三层架构设计", "1.CSharp高级编程与三层架构设计", "{EE5C825F-F9F0-40D1-84E2-D5006F7F4B07}"
EndProject
Project("{FAE04EC0-301F-11D3-BF4B-00C04F79EFBC}") = "2.继承与多态", "2.继承与多态\2.继承与多态.csproj", "{2B83B40F-AEEE-4C26-B704-79A4BDFDB60C}"
EndProject
Project("{FAE04EC0-301F-11D3-BF4B-00C04F79EFBC}") = "3.项目三层架构设计", "3.项目三层架构设计\3.项目三层架构设计.csproj", "{4FBA3D4A-C839-499F-9A7D-ACA1DFBE2AE6}"
EndProject
Project("{FAE04EC0-301F-11D3-BF4B-00C04F79EFBC}") = "4.接口与多态", "4.接口与多态\4.接口与多态.csproj", "{131F0CEE-BC02-4FA3-ACF4-4F85736FCF78}"
EndProject
Project("{FAE04EC0-301F-11D3-BF4B-00C04F79EFBC}") = "FiveDesignModelAndFactory", "5.设计模式与简单工厂\FiveDesignModelAndFactory.csproj", "{275B680F-3BE6-40D2-A3E9-F95FCCCE001B}"
EndProject
Project("{FAE04EC0-301F-11D3-BF4B-00C04F79EFBC}") = "Refection", "5.1Refection\Refection.csproj", "{55512821-E2F1-43F0-8A97-DD437445707A}"
EndProject
Project("{2150E333-8FDC-42A3-9474-1A3956D46DE8}") = "5.Refection", "5.Refection", "{1D641E8D-9EC8-4ABD-8B4F-B3516862E37C}"
EndProject
Project("{FAE04EC0-301F-11D3-BF4B-00C04F79EFBC}") = "ICal", "ICal\ICal.csproj", "{74A3BE47-3FDD-489E-A47A-8943A5D9AA5A}"
EndProject
Project("{FAE04EC0-301F-11D3-BF4B-00C04F79EFBC}") = "CalDLL", "CalDLL\CalDLL.csproj", "{A5F75223-B4BF-4138-B9E9-DC631C26B746}"
EndProject
Project("{2150E333-8FDC-42A3-9474-1A3956D46DE8}") = "6.基于接口设计三层架构", "6.基于接口设计三层架构", "{21AF3CBB-199B-4271-87B4-2DAA708A8409}"
EndProject
Project("{FAE04EC0-301F-11D3-BF4B-00C04F79EFBC}") = "MyProject", "MyProject\MyProject.csproj", "{7E17FE7A-9F4E-4D18-87AD-0DC1A5C76ECD}"
EndProject
Project("{FAE04EC0-301F-11D3-BF4B-00C04F79EFBC}") = "Models", "Models\Models.csproj", "{A2B12531-7A8D-4230-82C2-423B6D52B011}"
EndProject
Project("{FAE04EC0-301F-11D3-BF4B-00C04F79EFBC}") = "DLL", "DLL\DLL.csproj", "{8546822F-88C5-4C65-90C8-E6166EB97880}"
EndProject
Project("{FAE04EC0-301F-11D3-BF4B-00C04F79EFBC}") = "BLL", "BLL\BLL.csproj", "{1FA5E16D-E1E6-40C8-BECD-A7A30EE63821}"
EndProject
Project("{FAE04EC0-301F-11D3-BF4B-00C04F79EFBC}") = "IDLL", "IDLL\IDLL.csproj", "{BFE7C74E-7D63-4D1D-9B84-92C9F09C1FC1}"
EndProject
Project("{FAE04EC0-301F-11D3-BF4B-00C04F79EFBC}") = "IBLL", "IBLL\IBLL.csproj", "{088D2AD8-C512-4E4C-8D5E-6D1E49A21291}"
EndProject
Project("{2150E333-8FDC-42A3-9474-1A3956D46DE8}") = "抽象工厂", "抽象工厂", "{5B0D6A0A-6DFB-4F74-906C-5DF8CE94E224}"
EndProject
Project("{FAE04EC0-301F-11D3-BF4B-00C04F79EFBC}") = "StudentManager", "StudentManager\StudentManager.csproj", "{C0B5380D-8FC5-4BA3-8F62-0AEB05523A7F}"
EndProject
Project("{FAE04EC0-301F-11D3-BF4B-00C04F79EFBC}") = "BLL0", "BLL0\BLL0.csproj", "{6F202281-A9C2-4AFC-9F5A-044FD2061BF8}"
EndProject
Project("{FAE04EC0-301F-11D3-BF4B-00C04F79EFBC}") = "IDAL0", "IDAL0\IDAL0.csproj", "{6AAD9F19-5724-4A5E-BC23-AB517E43CECE}"
EndProject
Project("{FAE04EC0-301F-11D3-BF4B-00C04F79EFBC}") = "DAL0", "DAL0\DAL0.csproj", "{8D5A76EB-409C-4411-89A5-8FA337BCEF25}"
EndProject
Project("{FAE04EC0-301F-11D3-BF4B-00C04F79EFBC}") = "DALFactory", "DALFactory\DALFactory.csproj", "{D24F5D9C-A4FC-43AD-B41E-0FE86FE53EC3}"
EndProject
Project("{FAE04EC0-301F-11D3-BF4B-00C04F79EFBC}") = "Models0", "Models0\Models0.csproj", "{6F6F3C5D-C03D-4908-8114-D44E3756A016}"
EndProject
Project("{2150E333-8FDC-42A3-9474-1A3956D46DE8}") = "接口三层架构", "接口三层架构", "{34A5902B-DF75-4633-B2C7-EB24D23BAAB7}"
EndProject
Project("{2150E333-8FDC-42A3-9474-1A3956D46DE8}") = "2.LINQ", "2.LINQ", "{242B986D-5EB9-41E3-864F-E8979B95CB92}"
EndProject
Project("{FAE04EC0-301F-11D3-BF4B-00C04F79EFBC}") = "LINK", "LINK\LINK.csproj", "{F3C2430C-B071-44A6-9DAD-880E742C1E9B}"
EndProject
Project("{FAE04EC0-301F-11D3-BF4B-00C04F79EFBC}") = "LinqLearn", "LinqLearn\LinqLearn.csproj", "{9A259613-B2B2-4470-9D21-D3CDEEFBDC45}"
EndProject
Global
	GlobalSection(SolutionConfigurationPlatforms) = preSolution
		Debug|Any CPU = Debug|Any CPU
		Release|Any CPU = Release|Any CPU
	EndGlobalSection
	GlobalSection(ProjectConfigurationPlatforms) = postSolution
		{64D36878-1A4F-4BB0-8CC9-5E1ACBD9B048}.Debug|Any CPU.ActiveCfg = Debug|Any CPU
		{64D36878-1A4F-4BB0-8CC9-5E1ACBD9B048}.Debug|Any CPU.Build.0 = Debug|Any CPU
		{64D36878-1A4F-4BB0-8CC9-5E1ACBD9B048}.Release|Any CPU.ActiveCfg = Release|Any CPU
		{64D36878-1A4F-4BB0-8CC9-5E1ACBD9B048}.Release|Any CPU.Build.0 = Release|Any CPU
		{2B83B40F-AEEE-4C26-B704-79A4BDFDB60C}.Debug|Any CPU.ActiveCfg = Debug|Any CPU
		{2B83B40F-AEEE-4C26-B704-79A4BDFDB60C}.Debug|Any CPU.Build.0 = Debug|Any CPU
		{2B83B40F-AEEE-4C26-B704-79A4BDFDB60C}.Release|Any CPU.ActiveCfg = Release|Any CPU
		{2B83B40F-AEEE-4C26-B704-79A4BDFDB60C}.Release|Any CPU.Build.0 = Release|Any CPU
		{4FBA3D4A-C839-499F-9A7D-ACA1DFBE2AE6}.Debug|Any CPU.ActiveCfg = Debug|Any CPU
		{4FBA3D4A-C839-499F-9A7D-ACA1DFBE2AE6}.Debug|Any CPU.Build.0 = Debug|Any CPU
		{4FBA3D4A-C839-499F-9A7D-ACA1DFBE2AE6}.Release|Any CPU.ActiveCfg = Release|Any CPU
		{4FBA3D4A-C839-499F-9A7D-ACA1DFBE2AE6}.Release|Any CPU.Build.0 = Release|Any CPU
		{131F0CEE-BC02-4FA3-ACF4-4F85736FCF78}.Debug|Any CPU.ActiveCfg = Debug|Any CPU
		{131F0CEE-BC02-4FA3-ACF4-4F85736FCF78}.Debug|Any CPU.Build.0 = Debug|Any CPU
		{131F0CEE-BC02-4FA3-ACF4-4F85736FCF78}.Release|Any CPU.ActiveCfg = Release|Any CPU
		{131F0CEE-BC02-4FA3-ACF4-4F85736FCF78}.Release|Any CPU.Build.0 = Release|Any CPU
		{275B680F-3BE6-40D2-A3E9-F95FCCCE001B}.Debug|Any CPU.ActiveCfg = Debug|Any CPU
		{275B680F-3BE6-40D2-A3E9-F95FCCCE001B}.Debug|Any CPU.Build.0 = Debug|Any CPU
		{275B680F-3BE6-40D2-A3E9-F95FCCCE001B}.Release|Any CPU.ActiveCfg = Release|Any CPU
		{275B680F-3BE6-40D2-A3E9-F95FCCCE001B}.Release|Any CPU.Build.0 = Release|Any CPU
		{55512821-E2F1-43F0-8A97-DD437445707A}.Debug|Any CPU.ActiveCfg = Debug|Any CPU
		{55512821-E2F1-43F0-8A97-DD437445707A}.Debug|Any CPU.Build.0 = Debug|Any CPU
		{55512821-E2F1-43F0-8A97-DD437445707A}.Release|Any CPU.ActiveCfg = Release|Any CPU
		{55512821-E2F1-43F0-8A97-DD437445707A}.Release|Any CPU.Build.0 = Release|Any CPU
		{74A3BE47-3FDD-489E-A47A-8943A5D9AA5A}.Debug|Any CPU.ActiveCfg = Debug|Any CPU
		{74A3BE47-3FDD-489E-A47A-8943A5D9AA5A}.Debug|Any CPU.Build.0 = Debug|Any CPU
		{74A3BE47-3FDD-489E-A47A-8943A5D9AA5A}.Release|Any CPU.ActiveCfg = Release|Any CPU
		{74A3BE47-3FDD-489E-A47A-8943A5D9AA5A}.Release|Any CPU.Build.0 = Release|Any CPU
		{A5F75223-B4BF-4138-B9E9-DC631C26B746}.Debug|Any CPU.ActiveCfg = Debug|Any CPU
		{A5F75223-B4BF-4138-B9E9-DC631C26B746}.Debug|Any CPU.Build.0 = Debug|Any CPU
		{A5F75223-B4BF-4138-B9E9-DC631C26B746}.Release|Any CPU.ActiveCfg = Release|Any CPU
		{A5F75223-B4BF-4138-B9E9-DC631C26B746}.Release|Any CPU.Build.0 = Release|Any CPU
		{7E17FE7A-9F4E-4D18-87AD-0DC1A5C76ECD}.Debug|Any CPU.ActiveCfg = Debug|Any CPU
		{7E17FE7A-9F4E-4D18-87AD-0DC1A5C76ECD}.Debug|Any CPU.Build.0 = Debug|Any CPU
		{7E17FE7A-9F4E-4D18-87AD-0DC1A5C76ECD}.Release|Any CPU.ActiveCfg = Release|Any CPU
		{7E17FE7A-9F4E-4D18-87AD-0DC1A5C76ECD}.Release|Any CPU.Build.0 = Release|Any CPU
		{A2B12531-7A8D-4230-82C2-423B6D52B011}.Debug|Any CPU.ActiveCfg = Debug|Any CPU
		{A2B12531-7A8D-4230-82C2-423B6D52B011}.Debug|Any CPU.Build.0 = Debug|Any CPU
		{A2B12531-7A8D-4230-82C2-423B6D52B011}.Release|Any CPU.ActiveCfg = Release|Any CPU
		{A2B12531-7A8D-4230-82C2-423B6D52B011}.Release|Any CPU.Build.0 = Release|Any CPU
		{8546822F-88C5-4C65-90C8-E6166EB97880}.Debug|Any CPU.ActiveCfg = Debug|Any CPU
		{8546822F-88C5-4C65-90C8-E6166EB97880}.Debug|Any CPU.Build.0 = Debug|Any CPU
		{8546822F-88C5-4C65-90C8-E6166EB97880}.Release|Any CPU.ActiveCfg = Release|Any CPU
		{8546822F-88C5-4C65-90C8-E6166EB97880}.Release|Any CPU.Build.0 = Release|Any CPU
		{1FA5E16D-E1E6-40C8-BECD-A7A30EE63821}.Debug|Any CPU.ActiveCfg = Debug|Any CPU
		{1FA5E16D-E1E6-40C8-BECD-A7A30EE63821}.Debug|Any CPU.Build.0 = Debug|Any CPU
		{1FA5E16D-E1E6-40C8-BECD-A7A30EE63821}.Release|Any CPU.ActiveCfg = Release|Any CPU
		{1FA5E16D-E1E6-40C8-BECD-A7A30EE63821}.Release|Any CPU.Build.0 = Release|Any CPU
		{BFE7C74E-7D63-4D1D-9B84-92C9F09C1FC1}.Debug|Any CPU.ActiveCfg = Debug|Any CPU
		{BFE7C74E-7D63-4D1D-9B84-92C9F09C1FC1}.Debug|Any CPU.Build.0 = Debug|Any CPU
		{BFE7C74E-7D63-4D1D-9B84-92C9F09C1FC1}.Release|Any CPU.ActiveCfg = Release|Any CPU
		{BFE7C74E-7D63-4D1D-9B84-92C9F09C1FC1}.Release|Any CPU.Build.0 = Release|Any CPU
		{088D2AD8-C512-4E4C-8D5E-6D1E49A21291}.Debug|Any CPU.ActiveCfg = Debug|Any CPU
		{088D2AD8-C512-4E4C-8D5E-6D1E49A21291}.Debug|Any CPU.Build.0 = Debug|Any CPU
		{088D2AD8-C512-4E4C-8D5E-6D1E49A21291}.Release|Any CPU.ActiveCfg = Release|Any CPU
		{088D2AD8-C512-4E4C-8D5E-6D1E49A21291}.Release|Any CPU.Build.0 = Release|Any CPU
		{C0B5380D-8FC5-4BA3-8F62-0AEB05523A7F}.Debug|Any CPU.ActiveCfg = Debug|Any CPU
		{C0B5380D-8FC5-4BA3-8F62-0AEB05523A7F}.Debug|Any CPU.Build.0 = Debug|Any CPU
		{C0B5380D-8FC5-4BA3-8F62-0AEB05523A7F}.Release|Any CPU.ActiveCfg = Release|Any CPU
		{C0B5380D-8FC5-4BA3-8F62-0AEB05523A7F}.Release|Any CPU.Build.0 = Release|Any CPU
		{6F202281-A9C2-4AFC-9F5A-044FD2061BF8}.Debug|Any CPU.ActiveCfg = Debug|Any CPU
		{6F202281-A9C2-4AFC-9F5A-044FD2061BF8}.Debug|Any CPU.Build.0 = Debug|Any CPU
		{6F202281-A9C2-4AFC-9F5A-044FD2061BF8}.Release|Any CPU.ActiveCfg = Release|Any CPU
		{6F202281-A9C2-4AFC-9F5A-044FD2061BF8}.Release|Any CPU.Build.0 = Release|Any CPU
		{6AAD9F19-5724-4A5E-BC23-AB517E43CECE}.Debug|Any CPU.ActiveCfg = Debug|Any CPU
		{6AAD9F19-5724-4A5E-BC23-AB517E43CECE}.Debug|Any CPU.Build.0 = Debug|Any CPU
		{6AAD9F19-5724-4A5E-BC23-AB517E43CECE}.Release|Any CPU.ActiveCfg = Release|Any CPU
		{6AAD9F19-5724-4A5E-BC23-AB517E43CECE}.Release|Any CPU.Build.0 = Release|Any CPU
		{8D5A76EB-409C-4411-89A5-8FA337BCEF25}.Debug|Any CPU.ActiveCfg = Debug|Any CPU
		{8D5A76EB-409C-4411-89A5-8FA337BCEF25}.Debug|Any CPU.Build.0 = Debug|Any CPU
		{8D5A76EB-409C-4411-89A5-8FA337BCEF25}.Release|Any CPU.ActiveCfg = Release|Any CPU
		{8D5A76EB-409C-4411-89A5-8FA337BCEF25}.Release|Any CPU.Build.0 = Release|Any CPU
		{D24F5D9C-A4FC-43AD-B41E-0FE86FE53EC3}.Debug|Any CPU.ActiveCfg = Debug|Any CPU
		{D24F5D9C-A4FC-43AD-B41E-0FE86FE53EC3}.Debug|Any CPU.Build.0 = Debug|Any CPU
		{D24F5D9C-A4FC-43AD-B41E-0FE86FE53EC3}.Release|Any CPU.ActiveCfg = Release|Any CPU
		{D24F5D9C-A4FC-43AD-B41E-0FE86FE53EC3}.Release|Any CPU.Build.0 = Release|Any CPU
		{6F6F3C5D-C03D-4908-8114-D44E3756A016}.Debug|Any CPU.ActiveCfg = Debug|Any CPU
		{6F6F3C5D-C03D-4908-8114-D44E3756A016}.Debug|Any CPU.Build.0 = Debug|Any CPU
		{6F6F3C5D-C03D-4908-8114-D44E3756A016}.Release|Any CPU.ActiveCfg = Release|Any CPU
		{6F6F3C5D-C03D-4908-8114-D44E3756A016}.Release|Any CPU.Build.0 = Release|Any CPU
		{F3C2430C-B071-44A6-9DAD-880E742C1E9B}.Debug|Any CPU.ActiveCfg = Debug|Any CPU
		{F3C2430C-B071-44A6-9DAD-880E742C1E9B}.Debug|Any CPU.Build.0 = Debug|Any CPU
		{F3C2430C-B071-44A6-9DAD-880E742C1E9B}.Release|Any CPU.ActiveCfg = Release|Any CPU
		{F3C2430C-B071-44A6-9DAD-880E742C1E9B}.Release|Any CPU.Build.0 = Release|Any CPU
		{9A259613-B2B2-4470-9D21-D3CDEEFBDC45}.Debug|Any CPU.ActiveCfg = Debug|Any CPU
		{9A259613-B2B2-4470-9D21-D3CDEEFBDC45}.Debug|Any CPU.Build.0 = Debug|Any CPU
		{9A259613-B2B2-4470-9D21-D3CDEEFBDC45}.Release|Any CPU.ActiveCfg = Release|Any CPU
		{9A259613-B2B2-4470-9D21-D3CDEEFBDC45}.Release|Any CPU.Build.0 = Release|Any CPU
	EndGlobalSection
	GlobalSection(SolutionProperties) = preSolution
		HideSolutionNode = FALSE
	EndGlobalSection
	GlobalSection(NestedProjects) = preSolution
		{64D36878-1A4F-4BB0-8CC9-5E1ACBD9B048} = {EE5C825F-F9F0-40D1-84E2-D5006F7F4B07}
		{2B83B40F-AEEE-4C26-B704-79A4BDFDB60C} = {EE5C825F-F9F0-40D1-84E2-D5006F7F4B07}
		{4FBA3D4A-C839-499F-9A7D-ACA1DFBE2AE6} = {EE5C825F-F9F0-40D1-84E2-D5006F7F4B07}
		{131F0CEE-BC02-4FA3-ACF4-4F85736FCF78} = {EE5C825F-F9F0-40D1-84E2-D5006F7F4B07}
		{275B680F-3BE6-40D2-A3E9-F95FCCCE001B} = {EE5C825F-F9F0-40D1-84E2-D5006F7F4B07}
		{55512821-E2F1-43F0-8A97-DD437445707A} = {1D641E8D-9EC8-4ABD-8B4F-B3516862E37C}
		{1D641E8D-9EC8-4ABD-8B4F-B3516862E37C} = {EE5C825F-F9F0-40D1-84E2-D5006F7F4B07}
		{74A3BE47-3FDD-489E-A47A-8943A5D9AA5A} = {1D641E8D-9EC8-4ABD-8B4F-B3516862E37C}
		{A5F75223-B4BF-4138-B9E9-DC631C26B746} = {1D641E8D-9EC8-4ABD-8B4F-B3516862E37C}
		{21AF3CBB-199B-4271-87B4-2DAA708A8409} = {EE5C825F-F9F0-40D1-84E2-D5006F7F4B07}
		{7E17FE7A-9F4E-4D18-87AD-0DC1A5C76ECD} = {34A5902B-DF75-4633-B2C7-EB24D23BAAB7}
		{A2B12531-7A8D-4230-82C2-423B6D52B011} = {34A5902B-DF75-4633-B2C7-EB24D23BAAB7}
		{8546822F-88C5-4C65-90C8-E6166EB97880} = {34A5902B-DF75-4633-B2C7-EB24D23BAAB7}
		{1FA5E16D-E1E6-40C8-BECD-A7A30EE63821} = {34A5902B-DF75-4633-B2C7-EB24D23BAAB7}
		{BFE7C74E-7D63-4D1D-9B84-92C9F09C1FC1} = {34A5902B-DF75-4633-B2C7-EB24D23BAAB7}
		{088D2AD8-C512-4E4C-8D5E-6D1E49A21291} = {34A5902B-DF75-4633-B2C7-EB24D23BAAB7}
		{5B0D6A0A-6DFB-4F74-906C-5DF8CE94E224} = {21AF3CBB-199B-4271-87B4-2DAA708A8409}
		{C0B5380D-8FC5-4BA3-8F62-0AEB05523A7F} = {5B0D6A0A-6DFB-4F74-906C-5DF8CE94E224}
		{6F202281-A9C2-4AFC-9F5A-044FD2061BF8} = {5B0D6A0A-6DFB-4F74-906C-5DF8CE94E224}
		{6AAD9F19-5724-4A5E-BC23-AB517E43CECE} = {5B0D6A0A-6DFB-4F74-906C-5DF8CE94E224}
		{8D5A76EB-409C-4411-89A5-8FA337BCEF25} = {5B0D6A0A-6DFB-4F74-906C-5DF8CE94E224}
		{D24F5D9C-A4FC-43AD-B41E-0FE86FE53EC3} = {5B0D6A0A-6DFB-4F74-906C-5DF8CE94E224}
		{6F6F3C5D-C03D-4908-8114-D44E3756A016} = {5B0D6A0A-6DFB-4F74-906C-5DF8CE94E224}
		{34A5902B-DF75-4633-B2C7-EB24D23BAAB7} = {21AF3CBB-199B-4271-87B4-2DAA708A8409}
		{F3C2430C-B071-44A6-9DAD-880E742C1E9B} = {242B986D-5EB9-41E3-864F-E8979B95CB92}
		{9A259613-B2B2-4470-9D21-D3CDEEFBDC45} = {242B986D-5EB9-41E3-864F-E8979B95CB92}
	EndGlobalSection
	GlobalSection(ExtensibilityGlobals) = postSolution
		SolutionGuid = {C9DC2C4E-01FA-4FE6-B8CC-00AA648948A2}
	EndGlobalSection
EndGlobal
