
Microsoft Visual Studio Solution File, Format Version 12.00
# Visual Studio Version 16
VisualStudioVersion = 16.0.29009.5
MinimumVisualStudioVersion = 10.0.40219.1
Project("{FAE04EC0-301F-11D3-BF4B-00C04F79EFBC}") = "1.对象得继承", "xiketang\1.对象得继承.csproj", "{64D36878-1A4F-4BB0-8CC9-5E1ACBD9B048}"
EndProject
Project("{2150E333-8FDC-42A3-9474-1A3956D46DE8}") = "1.CSharp高级编程与三层架构设计", "1.CSharp高级编程与三层架构设计", "{EE5C825F-F9F0-40D1-84E2-D5006F7F4B07}"
EndProject
Project("{FAE04EC0-301F-11D3-BF4B-00C04F79EFBC}") = "2.继承与多态", "2.继承与多态\2.继承与多态.csproj", "{2B83B40F-AEEE-4C26-B704-79A4BDFDB60C}"
EndProject
Project("{FAE04EC0-301F-11D3-BF4B-00C04F79EFBC}") = "3.项目三层架构设计", "3.项目三层架构设计\3.项目三层架构设计.csproj", "{4FBA3D4A-C839-499F-9A7D-ACA1DFBE2AE6}"
EndProject
Project("{FAE04EC0-301F-11D3-BF4B-00C04F79EFBC}") = "4.接口与多态", "4.接口与多态\4.接口与多态.csproj", "{131F0CEE-BC02-4FA3-ACF4-4F85736FCF78}"
EndProject
Project("{FAE04EC0-301F-11D3-BF4B-00C04F79EFBC}") = "FiveDesignModelAndFactory", "5.设计模式与简单工厂\FiveDesignModelAndFactory.csproj", "{275B680F-3BE6-40D2-A3E9-F95FCCCE001B}"
EndProject
Project("{FAE04EC0-301F-11D3-BF4B-00C04F79EFBC}") = "Refection", "5.1Refection\Refection.csproj", "{55512821-E2F1-43F0-8A97-DD437445707A}"
EndProject
Project("{2150E333-8FDC-42A3-9474-1A3956D46DE8}") = "Refection", "Refection", "{1D641E8D-9EC8-4ABD-8B4F-B3516862E37C}"
EndProject
Project("{FAE04EC0-301F-11D3-BF4B-00C04F79EFBC}") = "ICal", "ICal\ICal.csproj", "{74A3BE47-3FDD-489E-A47A-8943A5D9AA5A}"
EndProject
Project("{FAE04EC0-301F-11D3-BF4B-00C04F79EFBC}") = "CalDLL", "CalDLL\CalDLL.csproj", "{A5F75223-B4BF-4138-B9E9-DC631C26B746}"
EndProject
Global
	GlobalSection(SolutionConfigurationPlatforms) = preSolution
		Debug|Any CPU = Debug|Any CPU
		Release|Any CPU = Release|Any CPU
	EndGlobalSection
	GlobalSection(ProjectConfigurationPlatforms) = postSolution
		{64D36878-1A4F-4BB0-8CC9-5E1ACBD9B048}.Debug|Any CPU.ActiveCfg = Debug|Any CPU
		{64D36878-1A4F-4BB0-8CC9-5E1ACBD9B048}.Debug|Any CPU.Build.0 = Debug|Any CPU
		{64D36878-1A4F-4BB0-8CC9-5E1ACBD9B048}.Release|Any CPU.ActiveCfg = Release|Any CPU
		{64D36878-1A4F-4BB0-8CC9-5E1ACBD9B048}.Release|Any CPU.Build.0 = Release|Any CPU
		{2B83B40F-AEEE-4C26-B704-79A4BDFDB60C}.Debug|Any CPU.ActiveCfg = Debug|Any CPU
		{2B83B40F-AEEE-4C26-B704-79A4BDFDB60C}.Debug|Any CPU.Build.0 = Debug|Any CPU
		{2B83B40F-AEEE-4C26-B704-79A4BDFDB60C}.Release|Any CPU.ActiveCfg = Release|Any CPU
		{2B83B40F-AEEE-4C26-B704-79A4BDFDB60C}.Release|Any CPU.Build.0 = Release|Any CPU
		{4FBA3D4A-C839-499F-9A7D-ACA1DFBE2AE6}.Debug|Any CPU.ActiveCfg = Debug|Any CPU
		{4FBA3D4A-C839-499F-9A7D-ACA1DFBE2AE6}.Debug|Any CPU.Build.0 = Debug|Any CPU
		{4FBA3D4A-C839-499F-9A7D-ACA1DFBE2AE6}.Release|Any CPU.ActiveCfg = Release|Any CPU
		{4FBA3D4A-C839-499F-9A7D-ACA1DFBE2AE6}.Release|Any CPU.Build.0 = Release|Any CPU
		{131F0CEE-BC02-4FA3-ACF4-4F85736FCF78}.Debug|Any CPU.ActiveCfg = Debug|Any CPU
		{131F0CEE-BC02-4FA3-ACF4-4F85736FCF78}.Debug|Any CPU.Build.0 = Debug|Any CPU
		{131F0CEE-BC02-4FA3-ACF4-4F85736FCF78}.Release|Any CPU.ActiveCfg = Release|Any CPU
		{131F0CEE-BC02-4FA3-ACF4-4F85736FCF78}.Release|Any CPU.Build.0 = Release|Any CPU
		{275B680F-3BE6-40D2-A3E9-F95FCCCE001B}.Debug|Any CPU.ActiveCfg = Debug|Any CPU
		{275B680F-3BE6-40D2-A3E9-F95FCCCE001B}.Debug|Any CPU.Build.0 = Debug|Any CPU
		{275B680F-3BE6-40D2-A3E9-F95FCCCE001B}.Release|Any CPU.ActiveCfg = Release|Any CPU
		{275B680F-3BE6-40D2-A3E9-F95FCCCE001B}.Release|Any CPU.Build.0 = Release|Any CPU
		{55512821-E2F1-43F0-8A97-DD437445707A}.Debug|Any CPU.ActiveCfg = Debug|Any CPU
		{55512821-E2F1-43F0-8A97-DD437445707A}.Debug|Any CPU.Build.0 = Debug|Any CPU
		{55512821-E2F1-43F0-8A97-DD437445707A}.Release|Any CPU.ActiveCfg = Release|Any CPU
		{55512821-E2F1-43F0-8A97-DD437445707A}.Release|Any CPU.Build.0 = Release|Any CPU
		{74A3BE47-3FDD-489E-A47A-8943A5D9AA5A}.Debug|Any CPU.ActiveCfg = Debug|Any CPU
		{74A3BE47-3FDD-489E-A47A-8943A5D9AA5A}.Debug|Any CPU.Build.0 = Debug|Any CPU
		{74A3BE47-3FDD-489E-A47A-8943A5D9AA5A}.Release|Any CPU.ActiveCfg = Release|Any CPU
		{74A3BE47-3FDD-489E-A47A-8943A5D9AA5A}.Release|Any CPU.Build.0 = Release|Any CPU
		{A5F75223-B4BF-4138-B9E9-DC631C26B746}.Debug|Any CPU.ActiveCfg = Debug|Any CPU
		{A5F75223-B4BF-4138-B9E9-DC631C26B746}.Debug|Any CPU.Build.0 = Debug|Any CPU
		{A5F75223-B4BF-4138-B9E9-DC631C26B746}.Release|Any CPU.ActiveCfg = Release|Any CPU
		{A5F75223-B4BF-4138-B9E9-DC631C26B746}.Release|Any CPU.Build.0 = Release|Any CPU
	EndGlobalSection
	GlobalSection(SolutionProperties) = preSolution
		HideSolutionNode = FALSE
	EndGlobalSection
	GlobalSection(NestedProjects) = preSolution
		{64D36878-1A4F-4BB0-8CC9-5E1ACBD9B048} = {EE5C825F-F9F0-40D1-84E2-D5006F7F4B07}
		{2B83B40F-AEEE-4C26-B704-79A4BDFDB60C} = {EE5C825F-F9F0-40D1-84E2-D5006F7F4B07}
		{4FBA3D4A-C839-499F-9A7D-ACA1DFBE2AE6} = {EE5C825F-F9F0-40D1-84E2-D5006F7F4B07}
		{131F0CEE-BC02-4FA3-ACF4-4F85736FCF78} = {EE5C825F-F9F0-40D1-84E2-D5006F7F4B07}
		{275B680F-3BE6-40D2-A3E9-F95FCCCE001B} = {EE5C825F-F9F0-40D1-84E2-D5006F7F4B07}
		{55512821-E2F1-43F0-8A97-DD437445707A} = {1D641E8D-9EC8-4ABD-8B4F-B3516862E37C}
		{1D641E8D-9EC8-4ABD-8B4F-B3516862E37C} = {EE5C825F-F9F0-40D1-84E2-D5006F7F4B07}
		{74A3BE47-3FDD-489E-A47A-8943A5D9AA5A} = {1D641E8D-9EC8-4ABD-8B4F-B3516862E37C}
		{A5F75223-B4BF-4138-B9E9-DC631C26B746} = {1D641E8D-9EC8-4ABD-8B4F-B3516862E37C}
	EndGlobalSection
	GlobalSection(ExtensibilityGlobals) = postSolution
		SolutionGuid = {C9DC2C4E-01FA-4FE6-B8CC-00AA648948A2}
	EndGlobalSection
EndGlobal
